
Microsoft Visual Studio Solution File, Format Version 12.00
# Visual Studio Version 16
VisualStudioVersion = 16.0.31624.102
MinimumVisualStudioVersion = 10.0.40219.1
Project("{FAE04EC0-301F-11D3-BF4B-00C04F79EFBC}") = "ListMethods", "ListMethods\ListMethods.csproj", "{C89BA119-B0F9-46F3-A8AA-5AC6072B2EDD}"
EndProject
Global
	GlobalSection(SolutionConfigurationPlatforms) = preSolution
		Debug|Any CPU = Debug|Any CPU
		Release|Any CPU = Release|Any CPU
	EndGlobalSection
	GlobalSection(ProjectConfigurationPlatforms) = postSolution
		{C89BA119-B0F9-46F3-A8AA-5AC6072B2EDD}.Debug|Any CPU.ActiveCfg = Debug|Any CPU
		{C89BA119-B0F9-46F3-A8AA-5AC6072B2EDD}.Debug|Any CPU.Build.0 = Debug|Any CPU
		{C89BA119-B0F9-46F3-A8AA-5AC6072B2EDD}.Release|Any CPU.ActiveCfg = Release|Any CPU
		{C89BA119-B0F9-46F3-A8AA-5AC6072B2EDD}.Release|Any CPU.Build.0 = Release|Any CPU
	EndGlobalSection
	GlobalSection(SolutionProperties) = preSolution
		HideSolutionNode = FALSE
	EndGlobalSection
	GlobalSection(ExtensibilityGlobals) = postSolution
		SolutionGuid = {EEA40E89-44C9-4E65-B348-F7E73303BC95}
	EndGlobalSection
EndGlobal
