
Microsoft Visual Studio Solution File, Format Version 12.00
# Visual Studio Version 16
VisualStudioVersion = 16.0.31624.102
MinimumVisualStudioVersion = 10.0.40219.1
Project("{FAE04EC0-301F-11D3-BF4B-00C04F79EFBC}") = "List", "List\List.csproj", "{CE3B2BAA-3C8A-4860-ABB1-18BA38F39F58}"
EndProject
Global
	GlobalSection(SolutionConfigurationPlatforms) = preSolution
		Debug|Any CPU = Debug|Any CPU
		Release|Any CPU = Release|Any CPU
	EndGlobalSection
	GlobalSection(ProjectConfigurationPlatforms) = postSolution
		{CE3B2BAA-3C8A-4860-ABB1-18BA38F39F58}.Debug|Any CPU.ActiveCfg = Debug|Any CPU
		{CE3B2BAA-3C8A-4860-ABB1-18BA38F39F58}.Debug|Any CPU.Build.0 = Debug|Any CPU
		{CE3B2BAA-3C8A-4860-ABB1-18BA38F39F58}.Release|Any CPU.ActiveCfg = Release|Any CPU
		{CE3B2BAA-3C8A-4860-ABB1-18BA38F39F58}.Release|Any CPU.Build.0 = Release|Any CPU
	EndGlobalSection
	GlobalSection(SolutionProperties) = preSolution
		HideSolutionNode = FALSE
	EndGlobalSection
	GlobalSection(ExtensibilityGlobals) = postSolution
		SolutionGuid = {7DDABC89-A7B7-4B7A-86C2-CCC5E58FAFE3}
	EndGlobalSection
EndGlobal
