
Microsoft Visual Studio Solution File, Format Version 12.00
# Visual Studio Version 16
VisualStudioVersion = 16.0.31624.102
MinimumVisualStudioVersion = 10.0.40219.1
Project("{FAE04EC0-301F-11D3-BF4B-00C04F79EFBC}") = "MathClass", "MathClass\MathClass.csproj", "{5CDE722C-C334-491E-AB9A-D2EEE565D472}"
EndProject
Global
	GlobalSection(SolutionConfigurationPlatforms) = preSolution
		Debug|Any CPU = Debug|Any CPU
		Release|Any CPU = Release|Any CPU
	EndGlobalSection
	GlobalSection(ProjectConfigurationPlatforms) = postSolution
		{5CDE722C-C334-491E-AB9A-D2EEE565D472}.Debug|Any CPU.ActiveCfg = Debug|Any CPU
		{5CDE722C-C334-491E-AB9A-D2EEE565D472}.Debug|Any CPU.Build.0 = Debug|Any CPU
		{5CDE722C-C334-491E-AB9A-D2EEE565D472}.Release|Any CPU.ActiveCfg = Release|Any CPU
		{5CDE722C-C334-491E-AB9A-D2EEE565D472}.Release|Any CPU.Build.0 = Release|Any CPU
	EndGlobalSection
	GlobalSection(SolutionProperties) = preSolution
		HideSolutionNode = FALSE
	EndGlobalSection
	GlobalSection(ExtensibilityGlobals) = postSolution
		SolutionGuid = {DE26B755-B49F-4118-8ABC-4902E40B6A45}
	EndGlobalSection
EndGlobal
