
Microsoft Visual Studio Solution File, Format Version 12.00
# Visual Studio Version 17
VisualStudioVersion = 17.0.31912.275
MinimumVisualStudioVersion = 10.0.40219.1
Project("{9A19103F-16F7-4668-BE54-9A1E7A4F7556}") = "SOLIDPrincipleDemo", "SOLIDPrincipleDemo\SOLIDPrincipleDemo.csproj", "{7A20340E-865A-4AD4-9D4E-84F2EFA42AB4}"
EndProject
Project("{9A19103F-16F7-4668-BE54-9A1E7A4F7556}") = "SingleResponsibiltyPrinciple", "SingleResponsibiltyPrinciple\SingleResponsibiltyPrinciple.csproj", "{8574CAA7-AEDD-483F-8F86-0D9FE4E5D2DE}"
EndProject
Project("{9A19103F-16F7-4668-BE54-9A1E7A4F7556}") = "OpenClosedPrinciple", "OpenClosedPrinciple\OpenClosedPrinciple.csproj", "{94E2B655-3172-45EC-A09C-EEA7F4968BD8}"
EndProject
Project("{FAE04EC0-301F-11D3-BF4B-00C04F79EFBC}") = "LiskovSubstitutionPrinciple", "LiskovSubstitutionPrinciple\LiskovSubstitutionPrinciple.csproj", "{6FBDF5C2-837B-4A9A-8FDB-B9F173F0A402}"
EndProject
Project("{FAE04EC0-301F-11D3-BF4B-00C04F79EFBC}") = "InterfaceSegregationPrinciple", "InterfaceSegregationPrinciple\InterfaceSegregationPrinciple.csproj", "{E1710AAD-D688-4D0F-9317-C6DBD0BBC6CA}"
EndProject
Project("{FAE04EC0-301F-11D3-BF4B-00C04F79EFBC}") = "DependencyInversionPrinciple", "DependencyInversionPrinciple\DependencyInversionPrinciple.csproj", "{9340CD56-F0D8-4E24-808E-E99337C61616}"
EndProject
Global
	GlobalSection(SolutionConfigurationPlatforms) = preSolution
		Debug|Any CPU = Debug|Any CPU
		Release|Any CPU = Release|Any CPU
	EndGlobalSection
	GlobalSection(ProjectConfigurationPlatforms) = postSolution
		{7A20340E-865A-4AD4-9D4E-84F2EFA42AB4}.Debug|Any CPU.ActiveCfg = Debug|Any CPU
		{7A20340E-865A-4AD4-9D4E-84F2EFA42AB4}.Debug|Any CPU.Build.0 = Debug|Any CPU
		{7A20340E-865A-4AD4-9D4E-84F2EFA42AB4}.Release|Any CPU.ActiveCfg = Release|Any CPU
		{7A20340E-865A-4AD4-9D4E-84F2EFA42AB4}.Release|Any CPU.Build.0 = Release|Any CPU
		{8574CAA7-AEDD-483F-8F86-0D9FE4E5D2DE}.Debug|Any CPU.ActiveCfg = Debug|Any CPU
		{8574CAA7-AEDD-483F-8F86-0D9FE4E5D2DE}.Debug|Any CPU.Build.0 = Debug|Any CPU
		{8574CAA7-AEDD-483F-8F86-0D9FE4E5D2DE}.Release|Any CPU.ActiveCfg = Release|Any CPU
		{8574CAA7-AEDD-483F-8F86-0D9FE4E5D2DE}.Release|Any CPU.Build.0 = Release|Any CPU
		{94E2B655-3172-45EC-A09C-EEA7F4968BD8}.Debug|Any CPU.ActiveCfg = Debug|Any CPU
		{94E2B655-3172-45EC-A09C-EEA7F4968BD8}.Debug|Any CPU.Build.0 = Debug|Any CPU
		{94E2B655-3172-45EC-A09C-EEA7F4968BD8}.Release|Any CPU.ActiveCfg = Release|Any CPU
		{94E2B655-3172-45EC-A09C-EEA7F4968BD8}.Release|Any CPU.Build.0 = Release|Any CPU
		{6FBDF5C2-837B-4A9A-8FDB-B9F173F0A402}.Debug|Any CPU.ActiveCfg = Debug|Any CPU
		{6FBDF5C2-837B-4A9A-8FDB-B9F173F0A402}.Debug|Any CPU.Build.0 = Debug|Any CPU
		{6FBDF5C2-837B-4A9A-8FDB-B9F173F0A402}.Release|Any CPU.ActiveCfg = Release|Any CPU
		{6FBDF5C2-837B-4A9A-8FDB-B9F173F0A402}.Release|Any CPU.Build.0 = Release|Any CPU
		{E1710AAD-D688-4D0F-9317-C6DBD0BBC6CA}.Debug|Any CPU.ActiveCfg = Debug|Any CPU
		{E1710AAD-D688-4D0F-9317-C6DBD0BBC6CA}.Debug|Any CPU.Build.0 = Debug|Any CPU
		{E1710AAD-D688-4D0F-9317-C6DBD0BBC6CA}.Release|Any CPU.ActiveCfg = Release|Any CPU
		{E1710AAD-D688-4D0F-9317-C6DBD0BBC6CA}.Release|Any CPU.Build.0 = Release|Any CPU
		{9340CD56-F0D8-4E24-808E-E99337C61616}.Debug|Any CPU.ActiveCfg = Debug|Any CPU
		{9340CD56-F0D8-4E24-808E-E99337C61616}.Debug|Any CPU.Build.0 = Debug|Any CPU
		{9340CD56-F0D8-4E24-808E-E99337C61616}.Release|Any CPU.ActiveCfg = Release|Any CPU
		{9340CD56-F0D8-4E24-808E-E99337C61616}.Release|Any CPU.Build.0 = Release|Any CPU
	EndGlobalSection
	GlobalSection(SolutionProperties) = preSolution
		HideSolutionNode = FALSE
	EndGlobalSection
	GlobalSection(ExtensibilityGlobals) = postSolution
		SolutionGuid = {E3BE6563-691B-46E0-B297-D7A59DB18007}
	EndGlobalSection
EndGlobal
