
Microsoft Visual Studio Solution File, Format Version 12.00
# Visual Studio Version 16
VisualStudioVersion = 16.0.31624.102
MinimumVisualStudioVersion = 10.0.40219.1
Project("{FAE04EC0-301F-11D3-BF4B-00C04F79EFBC}") = "Interface", "Interface\Interface.csproj", "{3383A482-777C-45CA-9B04-F85891D46D5D}"
EndProject
Global
	GlobalSection(SolutionConfigurationPlatforms) = preSolution
		Debug|Any CPU = Debug|Any CPU
		Release|Any CPU = Release|Any CPU
	EndGlobalSection
	GlobalSection(ProjectConfigurationPlatforms) = postSolution
		{3383A482-777C-45CA-9B04-F85891D46D5D}.Debug|Any CPU.ActiveCfg = Debug|Any CPU
		{3383A482-777C-45CA-9B04-F85891D46D5D}.Debug|Any CPU.Build.0 = Debug|Any CPU
		{3383A482-777C-45CA-9B04-F85891D46D5D}.Release|Any CPU.ActiveCfg = Release|Any CPU
		{3383A482-777C-45CA-9B04-F85891D46D5D}.Release|Any CPU.Build.0 = Release|Any CPU
	EndGlobalSection
	GlobalSection(SolutionProperties) = preSolution
		HideSolutionNode = FALSE
	EndGlobalSection
	GlobalSection(ExtensibilityGlobals) = postSolution
		SolutionGuid = {CBFCFF09-0D31-4092-BE91-28618A814D50}
	EndGlobalSection
EndGlobal
