
Microsoft Visual Studio Solution File, Format Version 12.00
# Visual Studio Version 16
VisualStudioVersion = 16.0.31624.102
MinimumVisualStudioVersion = 10.0.40219.1
Project("{FAE04EC0-301F-11D3-BF4B-00C04F79EFBC}") = "ReferenceVsValue", "ReferenceVsValue\ReferenceVsValue.csproj", "{6040EB20-D644-40A9-9E45-7CDA79CB5470}"
EndProject
Global
	GlobalSection(SolutionConfigurationPlatforms) = preSolution
		Debug|Any CPU = Debug|Any CPU
		Release|Any CPU = Release|Any CPU
	EndGlobalSection
	GlobalSection(ProjectConfigurationPlatforms) = postSolution
		{6040EB20-D644-40A9-9E45-7CDA79CB5470}.Debug|Any CPU.ActiveCfg = Debug|Any CPU
		{6040EB20-D644-40A9-9E45-7CDA79CB5470}.Debug|Any CPU.Build.0 = Debug|Any CPU
		{6040EB20-D644-40A9-9E45-7CDA79CB5470}.Release|Any CPU.ActiveCfg = Release|Any CPU
		{6040EB20-D644-40A9-9E45-7CDA79CB5470}.Release|Any CPU.Build.0 = Release|Any CPU
	EndGlobalSection
	GlobalSection(SolutionProperties) = preSolution
		HideSolutionNode = FALSE
	EndGlobalSection
	GlobalSection(ExtensibilityGlobals) = postSolution
		SolutionGuid = {5C87055F-B3C9-4CB6-8F7F-222C8E0EDFB9}
	EndGlobalSection
EndGlobal
