
Microsoft Visual Studio Solution File, Format Version 12.00
# Visual Studio Version 16
VisualStudioVersion = 16.0.31624.102
MinimumVisualStudioVersion = 10.0.40219.1
Project("{FAE04EC0-301F-11D3-BF4B-00C04F79EFBC}") = "InputOutput", "InputOutput\InputOutput.csproj", "{93BA731B-20D6-45B0-8DA5-864BFE213576}"
EndProject
Global
	GlobalSection(SolutionConfigurationPlatforms) = preSolution
		Debug|Any CPU = Debug|Any CPU
		Release|Any CPU = Release|Any CPU
	EndGlobalSection
	GlobalSection(ProjectConfigurationPlatforms) = postSolution
		{93BA731B-20D6-45B0-8DA5-864BFE213576}.Debug|Any CPU.ActiveCfg = Debug|Any CPU
		{93BA731B-20D6-45B0-8DA5-864BFE213576}.Debug|Any CPU.Build.0 = Debug|Any CPU
		{93BA731B-20D6-45B0-8DA5-864BFE213576}.Release|Any CPU.ActiveCfg = Release|Any CPU
		{93BA731B-20D6-45B0-8DA5-864BFE213576}.Release|Any CPU.Build.0 = Release|Any CPU
	EndGlobalSection
	GlobalSection(SolutionProperties) = preSolution
		HideSolutionNode = FALSE
	EndGlobalSection
	GlobalSection(ExtensibilityGlobals) = postSolution
		SolutionGuid = {20BE9FF1-1AC4-4050-8F9F-FFC2B9B6AE3A}
	EndGlobalSection
EndGlobal
