
Microsoft Visual Studio Solution File, Format Version 12.00
# Visual Studio Version 17
VisualStudioVersion = 17.0.31912.275
MinimumVisualStudioVersion = 10.0.40219.1
Project("{FAE04EC0-301F-11D3-BF4B-00C04F79EFBC}") = "MethodHiding", "MethodHiding\MethodHiding.csproj", "{9FF801CB-7C5C-4643-9BAA-A3F3C51DD169}"
EndProject
Global
	GlobalSection(SolutionConfigurationPlatforms) = preSolution
		Debug|Any CPU = Debug|Any CPU
		Release|Any CPU = Release|Any CPU
	EndGlobalSection
	GlobalSection(ProjectConfigurationPlatforms) = postSolution
		{9FF801CB-7C5C-4643-9BAA-A3F3C51DD169}.Debug|Any CPU.ActiveCfg = Debug|Any CPU
		{9FF801CB-7C5C-4643-9BAA-A3F3C51DD169}.Debug|Any CPU.Build.0 = Debug|Any CPU
		{9FF801CB-7C5C-4643-9BAA-A3F3C51DD169}.Release|Any CPU.ActiveCfg = Release|Any CPU
		{9FF801CB-7C5C-4643-9BAA-A3F3C51DD169}.Release|Any CPU.Build.0 = Release|Any CPU
	EndGlobalSection
	GlobalSection(SolutionProperties) = preSolution
		HideSolutionNode = FALSE
	EndGlobalSection
	GlobalSection(ExtensibilityGlobals) = postSolution
		SolutionGuid = {084E22F2-D9F4-4B2B-8C4A-644EFEBFC442}
	EndGlobalSection
EndGlobal
